github.com/AllenDang/cimgui-go v1.5.0 h1:wnS4h1wWyE+3x59cHJnNSszka7pIR+pehim6ifOk9Rg=
github.com/AllenDang/cimgui-go v1.5.0/go.mod h1:w7LE33Ex/ZOHqaFBWBHOIVMY4yLSwGLpJMUpX/fb5p4=
github.com/fogleman/delaunay v0.0.0-20180910191513-63f09b4c883d h1:TEEc0gLspsm9q0dWZZYiH0blV1MhPQnshLqSoANbxMk=
github.com/fogleman/delaunay v0.0.0-20180910191513-63f09b4c883d/go.mod h1:Twj6uBC/dSqh5vCcgzy/jO/4QWu9lqPTt1v3WEz68z8=
github.com/fsnotify/fsnotify v1.10.1 h1:b0/UzAf9yR5rhf3RPm9gf3ehBPpf0oZKIjtpKrx59Ho=
github.com/fsnotify/fsnotify v1.10.1/go.mod h1:TLheqan6HD6GBK6PrDWyDPBaEV8LspOxvPSjC+bVfgo=
github.com/go-gl/gl v0.0.0-20260331235117-4566fea9a276 h1:IO5P06Pcj9K04d+l4nrf3c2U56+dAotIFG6u4P1wAHI=
github.com/go-gl/gl v0.0.0-20260331235117-4566fea9a276/go.mod h1:9YTyiznxEY1fVinfM7RvRcjRHbw2xLBJ3AAGIT0I4Nw=
github.com/go-gl/glfw/v3.4/glfw v0.1.0-pre.2 h1:ez76TQInhkDIMobWbOFcPJw6FeB7coXRAVZpKwF8NBg=
github.com/go-gl/glfw/v3.4/glfw v0.1.0-pre.2/go.mod h1:T5Dn0JwIJOX1euPZ/iT4tq6nFYtmukjcYa7937HuYK8=
github.com/go-gl/mathgl v1.2.0 h1:v2eOj/y1B2afDxF6URV1qCYmo1KW08lAMtTbOn3KXCY=
github.com/go-gl/mathgl v1.2.0/go.mod h1:pf9+b5J3LFP7iZ4XXaVzZrCle0Q/vNpB/vDe5+3ulRE=
golang.org/x/image v0.46.0 h1:b1+oYj0Jbp6K5MDT4i4/eZpYlk3V8SJhhDKh6LBHAyQ=
golang.org/x/image v0.46.0/go.mod h1:3B3W05VGVQyuXucLINLjXKrqISASfi4Xj+iCVkLMwew=
golang.org/x/sys v0.48.0 h1:bbX/i/6MgT9BVLM9RT1thmxL04yeTAhbEz4SyadbXoo=
golang.org/x/sys v0.48.0/go.mod h1:hNLxWAXmnKAxqDtdwIYC4bM9oQPEecfsnNMuSxOs3og=
